# THIS IS AN AUTOGENERATED FILE. DO NOT EDIT THIS FILE DIRECTLY.
# yarn lockfile v1


"@tanstack/query-core@4.29.11":
  version "4.29.11"
  resolved "https://registry.yarnpkg.com/@tanstack/query-core/-/query-core-4.29.11.tgz#fa338f7d6897c6be5de6d8dabd603d9b78ee48c7"
  integrity sha512-8C+hF6SFAb/TlFZyS9FItgNwrw4PMa7YeX+KQYe2ZAiEz6uzg6yIr+QBzPkUwZ/L0bXvGd1sufTm3wotoz+GwQ==

"@tanstack/react-query@^4.29.12":
  version "4.29.12"
  resolved "https://registry.yarnpkg.com/@tanstack/react-query/-/react-query-4.29.12.tgz#de111cf1d6c389b86acacfaf972302914cfa1208"
  integrity sha512-zhcN6+zF6cxprxhTHQajHGlvxgK8npnp9uLe9yaWhGc6sYcPWXzyO4raL4HomUzQOPzu3jLvkriJQ7BOrDM8vA==
  dependencies:
    "@tanstack/query-core" "4.29.11"
    use-sync-external-store "^1.2.0"

use-sync-external-store@^1.2.0:
  version "1.2.0"
  resolved "https://registry.yarnpkg.com/use-sync-external-store/-/use-sync-external-store-1.2.0.tgz#7dbefd6ef3fe4e767a0cf5d7287aacfb5846928a"
  integrity sha512-eEgnFxGQ1Ife9bzYs6VLi8/4X6CObHMw9Qr9tPY43iKwsPw8xE8+EFsf/2cFZ5S3esXgpWgtSCtLNS41F+sKPA==
