# This file is generated by running "yarn install" inside your project.
# Manual changes might be lost - proceed with caution!

__metadata:
  version: 6
  cacheKey: 8

"@babel/runtime@npm:^7.9.2":
  version: 7.22.5
  resolution: "@babel/runtime@npm:7.22.5"
  dependencies:
    regenerator-runtime: ^0.13.11
  checksum: 12a50b7de2531beef38840d17af50c55a094253697600cee255311222390c68eed704829308d4fd305e1b3dfbce113272e428e9d9d45b1730e0fede997eaceb1
  languageName: node
  linkType: hard

"@reduxjs/toolkit@npm:^1.9.5":
  version: 1.9.5
  resolution: "@reduxjs/toolkit@npm:1.9.5"
  dependencies:
    immer: ^9.0.21
    redux: ^4.2.1
    redux-thunk: ^2.4.2
    reselect: ^4.1.8
  peerDependencies:
    react: ^16.9.0 || ^17.0.0 || ^18
    react-redux: ^7.2.1 || ^8.0.2
  peerDependenciesMeta:
    react:
      optional: true
    react-redux:
      optional: true
  checksum: 54672c5593d05208af577e948a338f23128d3aa01ef056ab0d40bcfa14400cf6566be99e11715388f12c1d7655cdf7c5c6b63cb92eb0fecf996c454a46a3914c
  languageName: node
  linkType: hard

"@tanstack/query-core@npm:4.29.11":
  version: 4.29.11
  resolution: "@tanstack/query-core@npm:4.29.11"
  checksum: 2a17223f34e99e17d564a15206668eb79324da72e630a47cf41690f92fb091a8669bdc89e9ab1b0d8f0e3e8f579529cfb0aa6f10b4fc58ea81cc7e5caede9229
  languageName: node
  linkType: hard

"@tanstack/react-query@npm:^4.29.12":
  version: 4.29.12
  resolution: "@tanstack/react-query@npm:4.29.12"
  dependencies:
    "@tanstack/query-core": 4.29.11
    use-sync-external-store: ^1.2.0
  peerDependencies:
    react: ^16.8.0 || ^17.0.0 || ^18.0.0
    react-dom: ^16.8.0 || ^17.0.0 || ^18.0.0
    react-native: "*"
  peerDependenciesMeta:
    react-dom:
      optional: true
    react-native:
      optional: true
  checksum: aea231af648688c5eafdbbda0667034221cca8b77e00690ab54950b7cc0296d14646931aee44fc5f18d5ce4d683b5d234b053eed5c0a5c340bbbacdab873a70b
  languageName: node
  linkType: hard

"immer@npm:^9.0.21":
  version: 9.0.21
  resolution: "immer@npm:9.0.21"
  checksum: 70e3c274165995352f6936695f0ef4723c52c92c92dd0e9afdfe008175af39fa28e76aafb3a2ca9d57d1fb8f796efc4dd1e1cc36f18d33fa5b74f3dfb0375432
  languageName: node
  linkType: hard

"redux-thunk@npm:^2.4.2":
  version: 2.4.2
  resolution: "redux-thunk@npm:2.4.2"
  peerDependencies:
    redux: ^4
  checksum: c7f757f6c383b8ec26152c113e20087818d18ed3edf438aaad43539e9a6b77b427ade755c9595c4a163b6ad3063adf3497e5fe6a36c68884eb1f1cfb6f049a5c
  languageName: node
  linkType: hard

"redux@npm:^4.2.1":
  version: 4.2.1
  resolution: "redux@npm:4.2.1"
  dependencies:
    "@babel/runtime": ^7.9.2
  checksum: f63b9060c3a1d930ae775252bb6e579b42415aee7a23c4114e21a0b4ba7ec12f0ec76936c00f546893f06e139819f0e2855e0d55ebfce34ca9c026241a6950dd
  languageName: node
  linkType: hard

"regenerator-runtime@npm:^0.13.11":
  version: 0.13.11
  resolution: "regenerator-runtime@npm:0.13.11"
  checksum: 27481628d22a1c4e3ff551096a683b424242a216fee44685467307f14d58020af1e19660bf2e26064de946bad7eff28950eae9f8209d55723e2d9351e632bbb4
  languageName: node
  linkType: hard

"reselect@npm:^4.1.8":
  version: 4.1.8
  resolution: "reselect@npm:4.1.8"
  checksum: a4ac87cedab198769a29be92bc221c32da76cfdad6911eda67b4d3e7136dca86208c3b210e31632eae31ebd2cded18596f0dd230d3ccc9e978df22f233b5583e
  languageName: node
  linkType: hard

"root-workspace-0b6124@workspace:.":
  version: 0.0.0-use.local
  resolution: "root-workspace-0b6124@workspace:."
  dependencies:
    "@reduxjs/toolkit": ^1.9.5
    "@tanstack/react-query": ^4.29.12
  languageName: unknown
  linkType: soft

"use-sync-external-store@npm:^1.2.0":
  version: 1.2.0
  resolution: "use-sync-external-store@npm:1.2.0"
  peerDependencies:
    react: ^16.8.0 || ^17.0.0 || ^18.0.0
  checksum: 5c639e0f8da3521d605f59ce5be9e094ca772bd44a4ce7322b055a6f58eeed8dda3c94cabd90c7a41fb6fa852210092008afe48f7038792fd47501f33299116a
  languageName: node
  linkType: hard
